// !$*UTF8*$!
{
	archiveVersion = 1;
	classes = {
	};
	objectVersion = 46;
	objects = {

/* Begin PBXBuildFile section */
		E806A2121A7C7E0A00BB4E0E /* TodoThingDomain.swift in Sources */ = {isa = PBXBuildFile; fileRef = E806A2111A7C7E0A00BB4E0E /* TodoThingDomain.swift */; };
		E806A2141A7DB47A00BB4E0E /* myListCell_textField.swift in Sources */ = {isa = PBXBuildFile; fileRef = E806A2131A7DB47A00BB4E0E /* myListCell_textField.swift */; };
		E806A2191A7DBDD300BB4E0E /* MyTodoPage.swift in Sources */ = {isa = PBXBuildFile; fileRef = E806A2181A7DBDD300BB4E0E /* MyTodoPage.swift */; };
		E806A21B1A7DBE2B00BB4E0E /* MyTodoCellTextView.swift in Sources */ = {isa = PBXBuildFile; fileRef = E806A21A1A7DBE2B00BB4E0E /* MyTodoCellTextView.swift */; };
		E806A21D1A7DBE5500BB4E0E /* MyTodoCell.swift in Sources */ = {isa = PBXBuildFile; fileRef = E806A21C1A7DBE5500BB4E0E /* MyTodoCell.swift */; };
		E806A21F1A81206D00BB4E0E /* SecondaryPageBaseClass.swift in Sources */ = {isa = PBXBuildFile; fileRef = E806A21E1A81206D00BB4E0E /* SecondaryPageBaseClass.swift */; };
		E806A2211A823A0A00BB4E0E /* RefreshFooterView.swift in Sources */ = {isa = PBXBuildFile; fileRef = E806A2201A823A0A00BB4E0E /* RefreshFooterView.swift */; };
		E806A2231A87044700BB4E0E /* Scifi-Archive.caf in Resources */ = {isa = PBXBuildFile; fileRef = E806A2221A87044700BB4E0E /* Scifi-Archive.caf */; };
		E8406A9B1A6FF2E100CBDEFD /* MyListCell.swift in Sources */ = {isa = PBXBuildFile; fileRef = E8406A9A1A6FF2E100CBDEFD /* MyListCell.swift */; };
		E8406AB41A7118CF00CBDEFD /* RefreshBaseView.swift in Sources */ = {isa = PBXBuildFile; fileRef = E8406AAE1A7118CF00CBDEFD /* RefreshBaseView.swift */; };
		E8406AB51A7118CF00CBDEFD /* RefreshConst.swift in Sources */ = {isa = PBXBuildFile; fileRef = E8406AAF1A7118CF00CBDEFD /* RefreshConst.swift */; };
		E8406AB71A7118CF00CBDEFD /* RefreshHeaderView.swift in Sources */ = {isa = PBXBuildFile; fileRef = E8406AB11A7118CF00CBDEFD /* RefreshHeaderView.swift */; };
		E8406AB81A7118CF00CBDEFD /* UIScrollView+Refresh.swift in Sources */ = {isa = PBXBuildFile; fileRef = E8406AB21A7118CF00CBDEFD /* UIScrollView+Refresh.swift */; };
		E8406ABD1A7BC0DB00CBDEFD /* List.swift in Sources */ = {isa = PBXBuildFile; fileRef = E8406ABC1A7BC0DB00CBDEFD /* List.swift */; };
		E8406ABF1A7BC11600CBDEFD /* TodoThing.swift in Sources */ = {isa = PBXBuildFile; fileRef = E8406ABE1A7BC11600CBDEFD /* TodoThing.swift */; };
		E8406AC21A7BDC5700CBDEFD /* ListDomain.swift in Sources */ = {isa = PBXBuildFile; fileRef = E8406AC11A7BDC5700CBDEFD /* ListDomain.swift */; };
		E8A455AB1BAAD92800C4D66D /* ThemeCell.swift in Sources */ = {isa = PBXBuildFile; fileRef = E8A455A91BAAD92800C4D66D /* ThemeCell.swift */; };
		E8A455AC1BAAD92800C4D66D /* ThemePage.swift in Sources */ = {isa = PBXBuildFile; fileRef = E8A455AA1BAAD92800C4D66D /* ThemePage.swift */; };
		E8A455BA1BAAEF9C00C4D66D /* Localizable.strings in Resources */ = {isa = PBXBuildFile; fileRef = E8A455BC1BAAEF9C00C4D66D /* Localizable.strings */; };
		E8DACCB41BA4132500A8A75C /* GlobalSetting.swift in Sources */ = {isa = PBXBuildFile; fileRef = E8DACCB31BA4132500A8A75C /* GlobalSetting.swift */; };
		E8F7897B1A6CDCC400E7FBE0 /* AppDelegate.swift in Sources */ = {isa = PBXBuildFile; fileRef = E8F7897A1A6CDCC400E7FBE0 /* AppDelegate.swift */; };
		E8F789801A6CDCC400E7FBE0 /* HomePage.swift in Sources */ = {isa = PBXBuildFile; fileRef = E8F7897F1A6CDCC400E7FBE0 /* HomePage.swift */; };
		E8F789831A6CDCC400E7FBE0 /* Main.storyboard in Resources */ = {isa = PBXBuildFile; fileRef = E8F789811A6CDCC400E7FBE0 /* Main.storyboard */; };
		E8F789851A6CDCC400E7FBE0 /* Images.xcassets in Resources */ = {isa = PBXBuildFile; fileRef = E8F789841A6CDCC400E7FBE0 /* Images.xcassets */; };
		E8F789881A6CDCC400E7FBE0 /* LaunchScreen.xib in Resources */ = {isa = PBXBuildFile; fileRef = E8F789861A6CDCC400E7FBE0 /* LaunchScreen.xib */; };
		E8F789941A6CDCC400E7FBE0 /* MyClearTests.swift in Sources */ = {isa = PBXBuildFile; fileRef = E8F789931A6CDCC400E7FBE0 /* MyClearTests.swift */; };
		E8F789A01A6D00E300E7FBE0 /* HomePageCell.swift in Sources */ = {isa = PBXBuildFile; fileRef = E8F7899F1A6D00E300E7FBE0 /* HomePageCell.swift */; };
		E8F789A21A6E779500E7FBE0 /* SettingPage.swift in Sources */ = {isa = PBXBuildFile; fileRef = E8F789A11A6E779500E7FBE0 /* SettingPage.swift */; };
		E8F789BB1A6F962E00E7FBE0 /* MyListPage.swift in Sources */ = {isa = PBXBuildFile; fileRef = E8F789BA1A6F962E00E7FBE0 /* MyListPage.swift */; };
		E8F789BD1A6F965F00E7FBE0 /* SoundPage.swift in Sources */ = {isa = PBXBuildFile; fileRef = E8F789BC1A6F965F00E7FBE0 /* SoundPage.swift */; };
		E8F789C11A6F96A500E7FBE0 /* TipandTrickPage.swift in Sources */ = {isa = PBXBuildFile; fileRef = E8F789C01A6F96A500E7FBE0 /* TipandTrickPage.swift */; };
		E8F789C31A6F96D900E7FBE0 /* NewsLetterPage.swift in Sources */ = {isa = PBXBuildFile; fileRef = E8F789C21A6F96D900E7FBE0 /* NewsLetterPage.swift */; };
		F9F35213FD2FBDC9D3B14640 /* Pods.framework in Frameworks */ = {isa = PBXBuildFile; fileRef = 7DF3AF7B89A8B1D493AB4F6E /* Pods.framework */; settings = {ATTRIBUTES = (Weak, ); }; };
/* End PBXBuildFile section */

/* Begin PBXContainerItemProxy section */
		E8F7898E1A6CDCC400E7FBE0 /* PBXContainerItemProxy */ = {
			isa = PBXContainerItemProxy;
			containerPortal = E8F7896D1A6CDCC400E7FBE0 /* Project object */;
			proxyType = 1;
			remoteGlobalIDString = E8F789741A6CDCC400E7FBE0;
			remoteInfo = MyClear;
		};
/* End PBXContainerItemProxy section */

/* Begin PBXCopyFilesBuildPhase section */
		E8DACCC91BA6E29000A8A75C /* CopyFiles */ = {
			isa = PBXCopyFilesBuildPhase;
			buildActionMask = 2147483647;
			dstPath = "";
			dstSubfolderSpec = 10;
			files = (
			);
			runOnlyForDeploymentPostprocessing = 0;
		};
/* End PBXCopyFilesBuildPhase section */

/* Begin PBXFileReference section */
		7DF3AF7B89A8B1D493AB4F6E /* Pods.framework */ = {isa = PBXFileReference; explicitFileType = wrapper.framework; includeInIndex = 0; path = Pods.framework; sourceTree = BUILT_PRODUCTS_DIR; };
		81E3449F29AA0553295D795F /* Pods.debug.xcconfig */ = {isa = PBXFileReference; includeInIndex = 1; lastKnownFileType = text.xcconfig; name = Pods.debug.xcconfig; path = "Pods/Target Support Files/Pods/Pods.debug.xcconfig"; sourceTree = "<group>"; };
		9442AD7CDDC697E737FDE688 /* Pods.release.xcconfig */ = {isa = PBXFileReference; includeInIndex = 1; lastKnownFileType = text.xcconfig; name = Pods.release.xcconfig; path = "Pods/Target Support Files/Pods/Pods.release.xcconfig"; sourceTree = "<group>"; };
		E806A2111A7C7E0A00BB4E0E /* TodoThingDomain.swift */ = {isa = PBXFileReference; fileEncoding = 4; lastKnownFileType = sourcecode.swift; path = TodoThingDomain.swift; sourceTree = "<group>"; };
		E806A2131A7DB47A00BB4E0E /* myListCell_textField.swift */ = {isa = PBXFileReference; fileEncoding = 4; lastKnownFileType = sourcecode.swift; path = myListCell_textField.swift; sourceTree = "<group>"; };
		E806A2181A7DBDD300BB4E0E /* MyTodoPage.swift */ = {isa = PBXFileReference; fileEncoding = 4; lastKnownFileType = sourcecode.swift; path = MyTodoPage.swift; sourceTree = "<group>"; };
		E806A21A1A7DBE2B00BB4E0E /* MyTodoCellTextView.swift */ = {isa = PBXFileReference; fileEncoding = 4; lastKnownFileType = sourcecode.swift; path = MyTodoCellTextView.swift; sourceTree = "<group>"; };
		E806A21C1A7DBE5500BB4E0E /* MyTodoCell.swift */ = {isa = PBXFileReference; fileEncoding = 4; lastKnownFileType = sourcecode.swift; path = MyTodoCell.swift; sourceTree = "<group>"; };
		E806A21E1A81206D00BB4E0E /* SecondaryPageBaseClass.swift */ = {isa = PBXFileReference; fileEncoding = 4; lastKnownFileType = sourcecode.swift; path = SecondaryPageBaseClass.swift; sourceTree = "<group>"; };
		E806A2201A823A0A00BB4E0E /* RefreshFooterView.swift */ = {isa = PBXFileReference; fileEncoding = 4; lastKnownFileType = sourcecode.swift; path = RefreshFooterView.swift; sourceTree = "<group>"; };
		E806A2221A87044700BB4E0E /* Scifi-Archive.caf */ = {isa = PBXFileReference; lastKnownFileType = file; name = "Scifi-Archive.caf"; path = "sound/Scifi-Archive.caf"; sourceTree = "<group>"; };
		E8406A9A1A6FF2E100CBDEFD /* MyListCell.swift */ = {isa = PBXFileReference; fileEncoding = 4; lastKnownFileType = sourcecode.swift; path = MyListCell.swift; sourceTree = "<group>"; };
		E8406AAE1A7118CF00CBDEFD /* RefreshBaseView.swift */ = {isa = PBXFileReference; fileEncoding = 4; lastKnownFileType = sourcecode.swift; path = RefreshBaseView.swift; sourceTree = "<group>"; };
		E8406AAF1A7118CF00CBDEFD /* RefreshConst.swift */ = {isa = PBXFileReference; fileEncoding = 4; lastKnownFileType = sourcecode.swift; path = RefreshConst.swift; sourceTree = "<group>"; };
		E8406AB11A7118CF00CBDEFD /* RefreshHeaderView.swift */ = {isa = PBXFileReference; fileEncoding = 4; lastKnownFileType = sourcecode.swift; path = RefreshHeaderView.swift; sourceTree = "<group>"; };
		E8406AB21A7118CF00CBDEFD /* UIScrollView+Refresh.swift */ = {isa = PBXFileReference; fileEncoding = 4; lastKnownFileType = sourcecode.swift; path = "UIScrollView+Refresh.swift"; sourceTree = "<group>"; };
		E8406ABC1A7BC0DB00CBDEFD /* List.swift */ = {isa = PBXFileReference; fileEncoding = 4; lastKnownFileType = sourcecode.swift; path = List.swift; sourceTree = "<group>"; };
		E8406ABE1A7BC11600CBDEFD /* TodoThing.swift */ = {isa = PBXFileReference; fileEncoding = 4; lastKnownFileType = sourcecode.swift; path = TodoThing.swift; sourceTree = "<group>"; };
		E8406AC11A7BDC5700CBDEFD /* ListDomain.swift */ = {isa = PBXFileReference; fileEncoding = 4; lastKnownFileType = sourcecode.swift; path = ListDomain.swift; sourceTree = "<group>"; };
		E8A455A91BAAD92800C4D66D /* ThemeCell.swift */ = {isa = PBXFileReference; fileEncoding = 4; lastKnownFileType = sourcecode.swift; path = ThemeCell.swift; sourceTree = "<group>"; };
		E8A455AA1BAAD92800C4D66D /* ThemePage.swift */ = {isa = PBXFileReference; fileEncoding = 4; lastKnownFileType = sourcecode.swift; path = ThemePage.swift; sourceTree = "<group>"; };
		E8A455B51BAAEEC900C4D66D /* zh-Hans */ = {isa = PBXFileReference; lastKnownFileType = text.plist.strings; name = "zh-Hans"; path = "zh-Hans.lproj/Main.strings"; sourceTree = "<group>"; };
		E8A455B61BAAEEC900C4D66D /* zh-Hans */ = {isa = PBXFileReference; lastKnownFileType = text.plist.strings; name = "zh-Hans"; path = "zh-Hans.lproj/LaunchScreen.strings"; sourceTree = "<group>"; };
		E8A455BB1BAAEF9C00C4D66D /* en */ = {isa = PBXFileReference; lastKnownFileType = text.plist.strings; name = en; path = en.lproj/Localizable.strings; sourceTree = "<group>"; };
		E8A455BD1BAAEFA800C4D66D /* zh-Hans */ = {isa = PBXFileReference; lastKnownFileType = text.plist.strings; name = "zh-Hans"; path = "zh-Hans.lproj/Localizable.strings"; sourceTree = "<group>"; };
		E8DACCB31BA4132500A8A75C /* GlobalSetting.swift */ = {isa = PBXFileReference; fileEncoding = 4; lastKnownFileType = sourcecode.swift; path = GlobalSetting.swift; sourceTree = "<group>"; };
		E8F789751A6CDCC400E7FBE0 /* MyClear.app */ = {isa = PBXFileReference; explicitFileType = wrapper.application; includeInIndex = 0; path = MyClear.app; sourceTree = BUILT_PRODUCTS_DIR; };
		E8F789791A6CDCC400E7FBE0 /* Info.plist */ = {isa = PBXFileReference; lastKnownFileType = text.plist.xml; path = Info.plist; sourceTree = "<group>"; };
		E8F7897A1A6CDCC400E7FBE0 /* AppDelegate.swift */ = {isa = PBXFileReference; lastKnownFileType = sourcecode.swift; path = AppDelegate.swift; sourceTree = "<group>"; };
		E8F7897F1A6CDCC400E7FBE0 /* HomePage.swift */ = {isa = PBXFileReference; lastKnownFileType = sourcecode.swift; path = HomePage.swift; sourceTree = "<group>"; };
		E8F789821A6CDCC400E7FBE0 /* Base */ = {isa = PBXFileReference; lastKnownFileType = file.storyboard; name = Base; path = Base.lproj/Main.storyboard; sourceTree = "<group>"; };
		E8F789841A6CDCC400E7FBE0 /* Images.xcassets */ = {isa = PBXFileReference; lastKnownFileType = folder.assetcatalog; path = Images.xcassets; sourceTree = "<group>"; };
		E8F789871A6CDCC400E7FBE0 /* Base */ = {isa = PBXFileReference; lastKnownFileType = file.xib; name = Base; path = Base.lproj/LaunchScreen.xib; sourceTree = "<group>"; };
		E8F7898D1A6CDCC400E7FBE0 /* MyClearTests.xctest */ = {isa = PBXFileReference; explicitFileType = wrapper.cfbundle; includeInIndex = 0; path = MyClearTests.xctest; sourceTree = BUILT_PRODUCTS_DIR; };
		E8F789921A6CDCC400E7FBE0 /* Info.plist */ = {isa = PBXFileReference; lastKnownFileType = text.plist.xml; path = Info.plist; sourceTree = "<group>"; };
		E8F789931A6CDCC400E7FBE0 /* MyClearTests.swift */ = {isa = PBXFileReference; lastKnownFileType = sourcecode.swift; path = MyClearTests.swift; sourceTree = "<group>"; };
		E8F7899F1A6D00E300E7FBE0 /* HomePageCell.swift */ = {isa = PBXFileReference; fileEncoding = 4; lastKnownFileType = sourcecode.swift; path = HomePageCell.swift; sourceTree = "<group>"; };
		E8F789A11A6E779500E7FBE0 /* SettingPage.swift */ = {isa = PBXFileReference; fileEncoding = 4; lastKnownFileType = sourcecode.swift; path = SettingPage.swift; sourceTree = "<group>"; };
		E8F789BA1A6F962E00E7FBE0 /* MyListPage.swift */ = {isa = PBXFileReference; fileEncoding = 4; lastKnownFileType = sourcecode.swift; path = MyListPage.swift; sourceTree = "<group>"; };
		E8F789BC1A6F965F00E7FBE0 /* SoundPage.swift */ = {isa = PBXFileReference; fileEncoding = 4; lastKnownFileType = sourcecode.swift; path = SoundPage.swift; sourceTree = "<group>"; };
		E8F789C01A6F96A500E7FBE0 /* TipandTrickPage.swift */ = {isa = PBXFileReference; fileEncoding = 4; lastKnownFileType = sourcecode.swift; path = TipandTrickPage.swift; sourceTree = "<group>"; };
		E8F789C21A6F96D900E7FBE0 /* NewsLetterPage.swift */ = {isa = PBXFileReference; fileEncoding = 4; lastKnownFileType = sourcecode.swift; path = NewsLetterPage.swift; sourceTree = "<group>"; };
/* End PBXFileReference section */

/* Begin PBXFrameworksBuildPhase section */
		E8F789721A6CDCC400E7FBE0 /* Frameworks */ = {
			isa = PBXFrameworksBuildPhase;
			buildActionMask = 2147483647;
			files = (
				F9F35213FD2FBDC9D3B14640 /* Pods.framework in Frameworks */,
			);
			runOnlyForDeploymentPostprocessing = 0;
		};
		E8F7898A1A6CDCC400E7FBE0 /* Frameworks */ = {
			isa = PBXFrameworksBuildPhase;
			buildActionMask = 2147483647;
			files = (
			);
			runOnlyForDeploymentPostprocessing = 0;
		};
/* End PBXFrameworksBuildPhase section */

/* Begin PBXGroup section */
		010BCEE66DC6ECDD6EF11EFF /* Pods */ = {
			isa = PBXGroup;
			children = (
				81E3449F29AA0553295D795F /* Pods.debug.xcconfig */,
				9442AD7CDDC697E737FDE688 /* Pods.release.xcconfig */,
			);
			name = Pods;
			sourceTree = "<group>";
		};
		902298E9A60CDC1409FF595A /* Frameworks */ = {
			isa = PBXGroup;
			children = (
				7DF3AF7B89A8B1D493AB4F6E /* Pods.framework */,
			);
			name = Frameworks;
			sourceTree = "<group>";
		};
		E806A2151A7DBD5D00BB4E0E /* MyTodo */ = {
			isa = PBXGroup;
			children = (
				E806A2181A7DBDD300BB4E0E /* MyTodoPage.swift */,
				E806A21A1A7DBE2B00BB4E0E /* MyTodoCellTextView.swift */,
				E806A21C1A7DBE5500BB4E0E /* MyTodoCell.swift */,
			);
			name = MyTodo;
			sourceTree = "<group>";
		};
		E806A2241A8704A800BB4E0E /* sound */ = {
			isa = PBXGroup;
			children = (
				E806A2221A87044700BB4E0E /* Scifi-Archive.caf */,
			);
			name = sound;
			sourceTree = "<group>";
		};
		E8406A991A6FF2C800CBDEFD /* Mylist */ = {
			isa = PBXGroup;
			children = (
				E8F789BA1A6F962E00E7FBE0 /* MyListPage.swift */,
				E8406A9A1A6FF2E100CBDEFD /* MyListCell.swift */,
				E806A2131A7DB47A00BB4E0E /* myListCell_textField.swift */,
			);
			name = Mylist;
			sourceTree = "<group>";
		};
		E8406AAC1A71186500CBDEFD /* refresh */ = {
			isa = PBXGroup;
			children = (
				E806A2201A823A0A00BB4E0E /* RefreshFooterView.swift */,
				E8406AAE1A7118CF00CBDEFD /* RefreshBaseView.swift */,
				E8406AAF1A7118CF00CBDEFD /* RefreshConst.swift */,
				E8406AB11A7118CF00CBDEFD /* RefreshHeaderView.swift */,
				E8406AB21A7118CF00CBDEFD /* UIScrollView+Refresh.swift */,
			);
			name = refresh;
			sourceTree = "<group>";
		};
		E8406ABB1A7BC06800CBDEFD /* model */ = {
			isa = PBXGroup;
			children = (
				E8406ABC1A7BC0DB00CBDEFD /* List.swift */,
				E8406ABE1A7BC11600CBDEFD /* TodoThing.swift */,
			);
			name = model;
			sourceTree = "<group>";
		};
		E8406AC01A7BDC2200CBDEFD /* Domain */ = {
			isa = PBXGroup;
			children = (
				E8406AC11A7BDC5700CBDEFD /* ListDomain.swift */,
				E806A2111A7C7E0A00BB4E0E /* TodoThingDomain.swift */,
			);
			name = Domain;
			sourceTree = "<group>";
		};
		E8A455A81BAAD90600C4D66D /* MyTheme */ = {
			isa = PBXGroup;
			children = (
				E8A455A91BAAD92800C4D66D /* ThemeCell.swift */,
				E8A455AA1BAAD92800C4D66D /* ThemePage.swift */,
			);
			name = MyTheme;
			sourceTree = "<group>";
		};
		E8A455B91BAAEF8300C4D66D /* Resources */ = {
			isa = PBXGroup;
			children = (
				E8A455BC1BAAEF9C00C4D66D /* Localizable.strings */,
				E806A2241A8704A800BB4E0E /* sound */,
			);
			name = Resources;
			sourceTree = "<group>";
		};
		E8F7896C1A6CDCC400E7FBE0 = {
			isa = PBXGroup;
			children = (
				E8F789771A6CDCC400E7FBE0 /* MyClear */,
				E8A455B91BAAEF8300C4D66D /* Resources */,
				E8F789901A6CDCC400E7FBE0 /* MyClearTests */,
				E8F789761A6CDCC400E7FBE0 /* Products */,
				010BCEE66DC6ECDD6EF11EFF /* Pods */,
				902298E9A60CDC1409FF595A /* Frameworks */,
			);
			sourceTree = "<group>";
		};
		E8F789761A6CDCC400E7FBE0 /* Products */ = {
			isa = PBXGroup;
			children = (
				E8F789751A6CDCC400E7FBE0 /* MyClear.app */,
				E8F7898D1A6CDCC400E7FBE0 /* MyClearTests.xctest */,
			);
			name = Products;
			sourceTree = "<group>";
		};
		E8F789771A6CDCC400E7FBE0 /* MyClear */ = {
			isa = PBXGroup;
			children = (
				E8A455A81BAAD90600C4D66D /* MyTheme */,
				E806A2151A7DBD5D00BB4E0E /* MyTodo */,
				E8406AC01A7BDC2200CBDEFD /* Domain */,
				E8406ABB1A7BC06800CBDEFD /* model */,
				E8406AAC1A71186500CBDEFD /* refresh */,
				E8406A991A6FF2C800CBDEFD /* Mylist */,
				E8F789B91A6F95FC00E7FBE0 /* secondaryPages */,
				E8F7897A1A6CDCC400E7FBE0 /* AppDelegate.swift */,
				E8F7899F1A6D00E300E7FBE0 /* HomePageCell.swift */,
				E8DACCB31BA4132500A8A75C /* GlobalSetting.swift */,
				E8F7897F1A6CDCC400E7FBE0 /* HomePage.swift */,
				E8F789811A6CDCC400E7FBE0 /* Main.storyboard */,
				E8F789841A6CDCC400E7FBE0 /* Images.xcassets */,
				E8F789861A6CDCC400E7FBE0 /* LaunchScreen.xib */,
				E8F789781A6CDCC400E7FBE0 /* Supporting Files */,
			);
			path = MyClear;
			sourceTree = "<group>";
		};
		E8F789781A6CDCC400E7FBE0 /* Supporting Files */ = {
			isa = PBXGroup;
			children = (
				E8F789791A6CDCC400E7FBE0 /* Info.plist */,
			);
			name = "Supporting Files";
			sourceTree = "<group>";
		};
		E8F789901A6CDCC400E7FBE0 /* MyClearTests */ = {
			isa = PBXGroup;
			children = (
				E8F789931A6CDCC400E7FBE0 /* MyClearTests.swift */,
				E8F789911A6CDCC400E7FBE0 /* Supporting Files */,
			);
			path = MyClearTests;
			sourceTree = "<group>";
		};
		E8F789911A6CDCC400E7FBE0 /* Supporting Files */ = {
			isa = PBXGroup;
			children = (
				E8F789921A6CDCC400E7FBE0 /* Info.plist */,
			);
			name = "Supporting Files";
			sourceTree = "<group>";
		};
		E8F789B91A6F95FC00E7FBE0 /* secondaryPages */ = {
			isa = PBXGroup;
			children = (
				E8F789BC1A6F965F00E7FBE0 /* SoundPage.swift */,
				E8F789C01A6F96A500E7FBE0 /* TipandTrickPage.swift */,
				E8F789C21A6F96D900E7FBE0 /* NewsLetterPage.swift */,
				E8F789A11A6E779500E7FBE0 /* SettingPage.swift */,
				E806A21E1A81206D00BB4E0E /* SecondaryPageBaseClass.swift */,
			);
			name = secondaryPages;
			sourceTree = "<group>";
		};
/* End PBXGroup section */

/* Begin PBXNativeTarget section */
		E8F789741A6CDCC400E7FBE0 /* MyClear */ = {
			isa = PBXNativeTarget;
			buildConfigurationList = E8F789971A6CDCC400E7FBE0 /* Build configuration list for PBXNativeTarget "MyClear" */;
			buildPhases = (
				690E11D5FB56DE58D38DB05B /* Check Pods Manifest.lock */,
				E8F789711A6CDCC400E7FBE0 /* Sources */,
				E8F789721A6CDCC400E7FBE0 /* Frameworks */,
				E8F789731A6CDCC400E7FBE0 /* Resources */,
				E8DACCC91BA6E29000A8A75C /* CopyFiles */,
				CCF9C22D1FC3CF3A73E4255E /* Embed Pods Frameworks */,
				45390855B36BB54F4D26B70E /* Copy Pods Resources */,
			);
			buildRules = (
			);
			dependencies = (
			);
			name = MyClear;
			productName = MyClear;
			productReference = E8F789751A6CDCC400E7FBE0 /* MyClear.app */;
			productType = "com.apple.product-type.application";
		};
		E8F7898C1A6CDCC400E7FBE0 /* MyClearTests */ = {
			isa = PBXNativeTarget;
			buildConfigurationList = E8F7899A1A6CDCC400E7FBE0 /* Build configuration list for PBXNativeTarget "MyClearTests" */;
			buildPhases = (
				E8F789891A6CDCC400E7FBE0 /* Sources */,
				E8F7898A1A6CDCC400E7FBE0 /* Frameworks */,
				E8F7898B1A6CDCC400E7FBE0 /* Resources */,
			);
			buildRules = (
			);
			dependencies = (
				E8F7898F1A6CDCC400E7FBE0 /* PBXTargetDependency */,
			);
			name = MyClearTests;
			productName = MyClearTests;
			productReference = E8F7898D1A6CDCC400E7FBE0 /* MyClearTests.xctest */;
			productType = "com.apple.product-type.bundle.unit-test";
		};
/* End PBXNativeTarget section */

/* Begin PBXProject section */
		E8F7896D1A6CDCC400E7FBE0 /* Project object */ = {
			isa = PBXProject;
			attributes = {
				LastSwiftMigration = 0700;
				LastUpgradeCheck = 0700;
				ORGANIZATIONNAME = boli;
				TargetAttributes = {
					E8F789741A6CDCC400E7FBE0 = {
						CreatedOnToolsVersion = 6.1.1;
					};
					E8F7898C1A6CDCC400E7FBE0 = {
						CreatedOnToolsVersion = 6.1.1;
						TestTargetID = E8F789741A6CDCC400E7FBE0;
					};
				};
			};
			buildConfigurationList = E8F789701A6CDCC400E7FBE0 /* Build configuration list for PBXProject "MyClear" */;
			compatibilityVersion = "Xcode 3.2";
			developmentRegion = English;
			hasScannedForEncodings = 0;
			knownRegions = (
				en,
				Base,
				"zh-Hans",
			);
			mainGroup = E8F7896C1A6CDCC400E7FBE0;
			productRefGroup = E8F789761A6CDCC400E7FBE0 /* Products */;
			projectDirPath = "";
			projectRoot = "";
			targets = (
				E8F789741A6CDCC400E7FBE0 /* MyClear */,
				E8F7898C1A6CDCC400E7FBE0 /* MyClearTests */,
			);
		};
/* End PBXProject section */

/* Begin PBXResourcesBuildPhase section */
		E8F789731A6CDCC400E7FBE0 /* Resources */ = {
			isa = PBXResourcesBuildPhase;
			buildActionMask = 2147483647;
			files = (
				E8A455BA1BAAEF9C00C4D66D /* Localizable.strings in Resources */,
				E806A2231A87044700BB4E0E /* Scifi-Archive.caf in Resources */,
				E8F789831A6CDCC400E7FBE0 /* Main.storyboard in Resources */,
				E8F789881A6CDCC400E7FBE0 /* LaunchScreen.xib in Resources */,
				E8F789851A6CDCC400E7FBE0 /* Images.xcassets in Resources */,
			);
			runOnlyForDeploymentPostprocessing = 0;
		};
		E8F7898B1A6CDCC400E7FBE0 /* Resources */ = {
			isa = PBXResourcesBuildPhase;
			buildActionMask = 2147483647;
			files = (
			);
			runOnlyForDeploymentPostprocessing = 0;
		};
/* End PBXResourcesBuildPhase section */

/* Begin PBXShellScriptBuildPhase section */
		45390855B36BB54F4D26B70E /* Copy Pods Resources */ = {
			isa = PBXShellScriptBuildPhase;
			buildActionMask = 2147483647;
			files = (
			);
			inputPaths = (
			);
			name = "Copy Pods Resources";
			outputPaths = (
			);
			runOnlyForDeploymentPostprocessing = 0;
			shellPath = /bin/sh;
			shellScript = "\"${SRCROOT}/Pods/Target Support Files/Pods/Pods-resources.sh\"\n";
			showEnvVarsInLog = 0;
		};
		690E11D5FB56DE58D38DB05B /* Check Pods Manifest.lock */ = {
			isa = PBXShellScriptBuildPhase;
			buildActionMask = 2147483647;
			files = (
			);
			inputPaths = (
			);
			name = "Check Pods Manifest.lock";
			outputPaths = (
			);
			runOnlyForDeploymentPostprocessing = 0;
			shellPath = /bin/sh;
			shellScript = "diff \"${PODS_ROOT}/../Podfile.lock\" \"${PODS_ROOT}/Manifest.lock\" > /dev/null\nif [[ $? != 0 ]] ; then\n    cat << EOM\nerror: The sandbox is not in sync with the Podfile.lock. Run 'pod install' or update your CocoaPods installation.\nEOM\n    exit 1\nfi\n";
			showEnvVarsInLog = 0;
		};
		CCF9C22D1FC3CF3A73E4255E /* Embed Pods Frameworks */ = {
			isa = PBXShellScriptBuildPhase;
			buildActionMask = 2147483647;
			files = (
			);
			inputPaths = (
			);
			name = "Embed Pods Frameworks";
			outputPaths = (
			);
			runOnlyForDeploymentPostprocessing = 0;
			shellPath = /bin/sh;
			shellScript = "\"${SRCROOT}/Pods/Target Support Files/Pods/Pods-frameworks.sh\"\n";
			showEnvVarsInLog = 0;
		};
/* End PBXShellScriptBuildPhase section */

/* Begin PBXSourcesBuildPhase section */
		E8F789711A6CDCC400E7FBE0 /* Sources */ = {
			isa = PBXSourcesBuildPhase;
			buildActionMask = 2147483647;
			files = (
				E8406A9B1A6FF2E100CBDEFD /* MyListCell.swift in Sources */,
				E8F789BD1A6F965F00E7FBE0 /* SoundPage.swift in Sources */,
				E8F789BB1A6F962E00E7FBE0 /* MyListPage.swift in Sources */,
				E8406AB51A7118CF00CBDEFD /* RefreshConst.swift in Sources */,
				E8F789801A6CDCC400E7FBE0 /* HomePage.swift in Sources */,
				E8406AB71A7118CF00CBDEFD /* RefreshHeaderView.swift in Sources */,
				E8406ABF1A7BC11600CBDEFD /* TodoThing.swift in Sources */,
				E8F789A21A6E779500E7FBE0 /* SettingPage.swift in Sources */,
				E806A2121A7C7E0A00BB4E0E /* TodoThingDomain.swift in Sources */,
				E8F7897B1A6CDCC400E7FBE0 /* AppDelegate.swift in Sources */,
				E8DACCB41BA4132500A8A75C /* GlobalSetting.swift in Sources */,
				E806A21F1A81206D00BB4E0E /* SecondaryPageBaseClass.swift in Sources */,
				E8A455AC1BAAD92800C4D66D /* ThemePage.swift in Sources */,
				E806A21B1A7DBE2B00BB4E0E /* MyTodoCellTextView.swift in Sources */,
				E806A2141A7DB47A00BB4E0E /* myListCell_textField.swift in Sources */,
				E806A2191A7DBDD300BB4E0E /* MyTodoPage.swift in Sources */,
				E8F789C11A6F96A500E7FBE0 /* TipandTrickPage.swift in Sources */,
				E8A455AB1BAAD92800C4D66D /* ThemeCell.swift in Sources */,
				E8406AB41A7118CF00CBDEFD /* RefreshBaseView.swift in Sources */,
				E8F789C31A6F96D900E7FBE0 /* NewsLetterPage.swift in Sources */,
				E806A2211A823A0A00BB4E0E /* RefreshFooterView.swift in Sources */,
				E806A21D1A7DBE5500BB4E0E /* MyTodoCell.swift in Sources */,
				E8406AB81A7118CF00CBDEFD /* UIScrollView+Refresh.swift in Sources */,
				E8F789A01A6D00E300E7FBE0 /* HomePageCell.swift in Sources */,
				E8406AC21A7BDC5700CBDEFD /* ListDomain.swift in Sources */,
				E8406ABD1A7BC0DB00CBDEFD /* List.swift in Sources */,
			);
			runOnlyForDeploymentPostprocessing = 0;
		};
		E8F789891A6CDCC400E7FBE0 /* Sources */ = {
			isa = PBXSourcesBuildPhase;
			buildActionMask = 2147483647;
			files = (
				E8F789941A6CDCC400E7FBE0 /* MyClearTests.swift in Sources */,
			);
			runOnlyForDeploymentPostprocessing = 0;
		};
/* End PBXSourcesBuildPhase section */

/* Begin PBXTargetDependency section */
		E8F7898F1A6CDCC400E7FBE0 /* PBXTargetDependency */ = {
			isa = PBXTargetDependency;
			target = E8F789741A6CDCC400E7FBE0 /* MyClear */;
			targetProxy = E8F7898E1A6CDCC400E7FBE0 /* PBXContainerItemProxy */;
		};
/* End PBXTargetDependency section */

/* Begin PBXVariantGroup section */
		E8A455BC1BAAEF9C00C4D66D /* Localizable.strings */ = {
			isa = PBXVariantGroup;
			children = (
				E8A455BB1BAAEF9C00C4D66D /* en */,
				E8A455BD1BAAEFA800C4D66D /* zh-Hans */,
			);
			name = Localizable.strings;
			sourceTree = "<group>";
		};
		E8F789811A6CDCC400E7FBE0 /* Main.storyboard */ = {
			isa = PBXVariantGroup;
			children = (
				E8F789821A6CDCC400E7FBE0 /* Base */,
				E8A455B51BAAEEC900C4D66D /* zh-Hans */,
			);
			name = Main.storyboard;
			sourceTree = "<group>";
		};
		E8F789861A6CDCC400E7FBE0 /* LaunchScreen.xib */ = {
			isa = PBXVariantGroup;
			children = (
				E8F789871A6CDCC400E7FBE0 /* Base */,
				E8A455B61BAAEEC900C4D66D /* zh-Hans */,
			);
			name = LaunchScreen.xib;
			sourceTree = "<group>";
		};
/* End PBXVariantGroup section */

/* Begin XCBuildConfiguration section */
		E8F789951A6CDCC400E7FBE0 /* Debug */ = {
			isa = XCBuildConfiguration;
			buildSettings = {
				ALWAYS_SEARCH_USER_PATHS = NO;
				CLANG_CXX_LANGUAGE_STANDARD = "gnu++0x";
				CLANG_CXX_LIBRARY = "libc++";
				CLANG_ENABLE_MODULES = YES;
				CLANG_ENABLE_OBJC_ARC = YES;
				CLANG_WARN_BOOL_CONVERSION = YES;
				CLANG_WARN_CONSTANT_CONVERSION = YES;
				CLANG_WARN_DIRECT_OBJC_ISA_USAGE = YES_ERROR;
				CLANG_WARN_EMPTY_BODY = YES;
				CLANG_WARN_ENUM_CONVERSION = YES;
				CLANG_WARN_INT_CONVERSION = YES;
				CLANG_WARN_OBJC_ROOT_CLASS = YES_ERROR;
				CLANG_WARN_UNREACHABLE_CODE = YES;
				CLANG_WARN__DUPLICATE_METHOD_MATCH = YES;
				"CODE_SIGN_IDENTITY[sdk=iphoneos*]" = "iPhone Developer";
				COPY_PHASE_STRIP = NO;
				ENABLE_STRICT_OBJC_MSGSEND = YES;
				ENABLE_TESTABILITY = YES;
				GCC_C_LANGUAGE_STANDARD = gnu99;
				GCC_DYNAMIC_NO_PIC = NO;
				GCC_OPTIMIZATION_LEVEL = 0;
				GCC_PREPROCESSOR_DEFINITIONS = (
					"DEBUG=1",
					"$(inherited)",
				);
				GCC_SYMBOLS_PRIVATE_EXTERN = NO;
				GCC_WARN_64_TO_32_BIT_CONVERSION = YES;
				GCC_WARN_ABOUT_RETURN_TYPE = YES_ERROR;
				GCC_WARN_UNDECLARED_SELECTOR = YES;
				GCC_WARN_UNINITIALIZED_AUTOS = YES_AGGRESSIVE;
				GCC_WARN_UNUSED_FUNCTION = YES;
				GCC_WARN_UNUSED_VARIABLE = YES;
				IPHONEOS_DEPLOYMENT_TARGET = 8.1;
				MTL_ENABLE_DEBUG_INFO = YES;
				ONLY_ACTIVE_ARCH = YES;
				SDKROOT = iphoneos;
				SWIFT_OPTIMIZATION_LEVEL = "-Onone";
			};
			name = Debug;
		};
		E8F789961A6CDCC400E7FBE0 /* Release */ = {
			isa = XCBuildConfiguration;
			buildSettings = {
				ALWAYS_SEARCH_USER_PATHS = NO;
				CLANG_CXX_LANGUAGE_STANDARD = "gnu++0x";
				CLANG_CXX_LIBRARY = "libc++";
				CLANG_ENABLE_MODULES = YES;
				CLANG_ENABLE_OBJC_ARC = YES;
				CLANG_WARN_BOOL_CONVERSION = YES;
				CLANG_WARN_CONSTANT_CONVERSION = YES;
				CLANG_WARN_DIRECT_OBJC_ISA_USAGE = YES_ERROR;
				CLANG_WARN_EMPTY_BODY = YES;
				CLANG_WARN_ENUM_CONVERSION = YES;
				CLANG_WARN_INT_CONVERSION = YES;
				CLANG_WARN_OBJC_ROOT_CLASS = YES_ERROR;
				CLANG_WARN_UNREACHABLE_CODE = YES;
				CLANG_WARN__DUPLICATE_METHOD_MATCH = YES;
				"CODE_SIGN_IDENTITY[sdk=iphoneos*]" = "iPhone Developer";
				COPY_PHASE_STRIP = YES;
				ENABLE_NS_ASSERTIONS = NO;
				ENABLE_STRICT_OBJC_MSGSEND = YES;
				GCC_C_LANGUAGE_STANDARD = gnu99;
				GCC_WARN_64_TO_32_BIT_CONVERSION = YES;
				GCC_WARN_ABOUT_RETURN_TYPE = YES_ERROR;
				GCC_WARN_UNDECLARED_SELECTOR = YES;
				GCC_WARN_UNINITIALIZED_AUTOS = YES_AGGRESSIVE;
				GCC_WARN_UNUSED_FUNCTION = YES;
				GCC_WARN_UNUSED_VARIABLE = YES;
				IPHONEOS_DEPLOYMENT_TARGET = 8.1;
				MTL_ENABLE_DEBUG_INFO = NO;
				SDKROOT = iphoneos;
				VALIDATE_PRODUCT = YES;
			};
			name = Release;
		};
		E8F789981A6CDCC400E7FBE0 /* Debug */ = {
			isa = XCBuildConfiguration;
			baseConfigurationReference = 81E3449F29AA0553295D795F /* Pods.debug.xcconfig */;
			buildSettings = {
				ASSETCATALOG_COMPILER_APPICON_NAME = AppIcon;
				CLANG_ENABLE_MODULES = YES;
				CODE_SIGN_IDENTITY = "iPhone Developer: Xu Wang (U7F8MSP4BA)";
				INFOPLIST_FILE = MyClear/Info.plist;
				LD_RUNPATH_SEARCH_PATHS = "$(inherited) @executable_path/Frameworks";
				PRODUCT_BUNDLE_IDENTIFIER = "com.ccm.$(PRODUCT_NAME:rfc1034identifier)";
				PRODUCT_NAME = "$(TARGET_NAME)";
				SWIFT_INSTALL_OBJC_HEADER = NO;
				SWIFT_OBJC_BRIDGING_HEADER = "";
				SWIFT_OBJC_INTERFACE_HEADER_NAME = "";
				SWIFT_OPTIMIZATION_LEVEL = "-Onone";
			};
			name = Debug;
		};
		E8F789991A6CDCC400E7FBE0 /* Release */ = {
			isa = XCBuildConfiguration;
			baseConfigurationReference = 9442AD7CDDC697E737FDE688 /* Pods.release.xcconfig */;
			buildSettings = {
				ASSETCATALOG_COMPILER_APPICON_NAME = AppIcon;
				CLANG_ENABLE_MODULES = YES;
				CODE_SIGN_IDENTITY = "iPhone Developer: Xu Wang (U7F8MSP4BA)";
				INFOPLIST_FILE = MyClear/Info.plist;
				LD_RUNPATH_SEARCH_PATHS = "$(inherited) @executable_path/Frameworks";
				PRODUCT_BUNDLE_IDENTIFIER = "com.ccm.$(PRODUCT_NAME:rfc1034identifier)";
				PRODUCT_NAME = "$(TARGET_NAME)";
				SWIFT_INSTALL_OBJC_HEADER = NO;
				SWIFT_OBJC_BRIDGING_HEADER = "";
				SWIFT_OBJC_INTERFACE_HEADER_NAME = "";
			};
			name = Release;
		};
		E8F7899B1A6CDCC400E7FBE0 /* Debug */ = {
			isa = XCBuildConfiguration;
			buildSettings = {
				BUNDLE_LOADER = "$(TEST_HOST)";
				FRAMEWORK_SEARCH_PATHS = (
					"$(SDKROOT)/Developer/Library/Frameworks",
					"$(inherited)",
				);
				GCC_PREPROCESSOR_DEFINITIONS = (
					"DEBUG=1",
					"$(inherited)",
				);
				INFOPLIST_FILE = MyClearTests/Info.plist;
				LD_RUNPATH_SEARCH_PATHS = "$(inherited) @executable_path/Frameworks @loader_path/Frameworks";
				PRODUCT_BUNDLE_IDENTIFIER = "boli-CS.$(PRODUCT_NAME:rfc1034identifier)";
				PRODUCT_NAME = "$(TARGET_NAME)";
				TEST_HOST = "$(BUILT_PRODUCTS_DIR)/MyClear.app/MyClear";
			};
			name = Debug;
		};
		E8F7899C1A6CDCC400E7FBE0 /* Release */ = {
			isa = XCBuildConfiguration;
			buildSettings = {
				BUNDLE_LOADER = "$(TEST_HOST)";
				FRAMEWORK_SEARCH_PATHS = (
					"$(SDKROOT)/Developer/Library/Frameworks",
					"$(inherited)",
				);
				INFOPLIST_FILE = MyClearTests/Info.plist;
				LD_RUNPATH_SEARCH_PATHS = "$(inherited) @executable_path/Frameworks @loader_path/Frameworks";
				PRODUCT_BUNDLE_IDENTIFIER = "boli-CS.$(PRODUCT_NAME:rfc1034identifier)";
				PRODUCT_NAME = "$(TARGET_NAME)";
				TEST_HOST = "$(BUILT_PRODUCTS_DIR)/MyClear.app/MyClear";
			};
			name = Release;
		};
/* End XCBuildConfiguration section */

/* Begin XCConfigurationList section */
		E8F789701A6CDCC400E7FBE0 /* Build configuration list for PBXProject "MyClear" */ = {
			isa = XCConfigurationList;
			buildConfigurations = (
				E8F789951A6CDCC400E7FBE0 /* Debug */,
				E8F789961A6CDCC400E7FBE0 /* Release */,
			);
			defaultConfigurationIsVisible = 0;
			defaultConfigurationName = Release;
		};
		E8F789971A6CDCC400E7FBE0 /* Build configuration list for PBXNativeTarget "MyClear" */ = {
			isa = XCConfigurationList;
			buildConfigurations = (
				E8F789981A6CDCC400E7FBE0 /* Debug */,
				E8F789991A6CDCC400E7FBE0 /* Release */,
			);
			defaultConfigurationIsVisible = 0;
			defaultConfigurationName = Release;
		};
		E8F7899A1A6CDCC400E7FBE0 /* Build configuration list for PBXNativeTarget "MyClearTests" */ = {
			isa = XCConfigurationList;
			buildConfigurations = (
				E8F7899B1A6CDCC400E7FBE0 /* Debug */,
				E8F7899C1A6CDCC400E7FBE0 /* Release */,
			);
			defaultConfigurationIsVisible = 0;
			defaultConfigurationName = Release;
		};
/* End XCConfigurationList section */
	};
	rootObject = E8F7896D1A6CDCC400E7FBE0 /* Project object */;
}
